
Microsoft Visual Studio Solution File, Format Version 9.00
# Visual Studio 2005
Project("{E24C65DC-7377-472B-9ABA-BC803B73C61A}") = "C:\...\BIFConvenios\", "..\BIFConvenios", "{60C952C2-644A-47BE-A493-00E2DC41C392}"
	ProjectSection(WebsiteProperties) = preProject
		Debug.AspNetCompiler.VirtualPath = "/BIFConvenios"
		Debug.AspNetCompiler.PhysicalPath = "..\..\..\PROYECTO BIFCONVENIOS\B1-BIFCONVENIOS V1.0\FUENTES\APLICATIVO\BIFConvenios\"
		Debug.AspNetCompiler.TargetPath = "PrecompiledWeb\BIFConvenios\"
		Debug.AspNetCompiler.Updateable = "true"
		Debug.AspNetCompiler.ForceOverwrite = "true"
		Debug.AspNetCompiler.FixedNames = "false"
		Debug.AspNetCompiler.Debug = "True"
		Release.AspNetCompiler.VirtualPath = "/BIFConvenios"
		Release.AspNetCompiler.PhysicalPath = "..\..\..\PROYECTO BIFCONVENIOS\B1-BIFCONVENIOS V1.0\FUENTES\APLICATIVO\BIFConvenios\"
		Release.AspNetCompiler.TargetPath = "PrecompiledWeb\BIFConvenios\"
		Release.AspNetCompiler.Updateable = "true"
		Release.AspNetCompiler.ForceOverwrite = "true"
		Release.AspNetCompiler.FixedNames = "false"
		Release.AspNetCompiler.Debug = "False"
		VWDPort = "4270"
	EndProjectSection
EndProject
Global
	GlobalSection(SolutionConfigurationPlatforms) = preSolution
		Debug|.NET = Debug|.NET
		Debug|Any CPU = Debug|Any CPU
		Debug|Mixed Platforms = Debug|Mixed Platforms
		Release|.NET = Release|.NET
		Release|Any CPU = Release|Any CPU
		Release|Mixed Platforms = Release|Mixed Platforms
	EndGlobalSection
	GlobalSection(ProjectConfigurationPlatforms) = postSolution
		{60C952C2-644A-47BE-A493-00E2DC41C392}.Debug|.NET.ActiveCfg = Debug|.NET
		{60C952C2-644A-47BE-A493-00E2DC41C392}.Debug|.NET.Build.0 = Debug|.NET
		{60C952C2-644A-47BE-A493-00E2DC41C392}.Debug|Any CPU.ActiveCfg = Debug|.NET
		{60C952C2-644A-47BE-A493-00E2DC41C392}.Debug|Mixed Platforms.ActiveCfg = Debug|.NET
		{60C952C2-644A-47BE-A493-00E2DC41C392}.Debug|Mixed Platforms.Build.0 = Debug|.NET
		{60C952C2-644A-47BE-A493-00E2DC41C392}.Release|.NET.ActiveCfg = Debug|.NET
		{60C952C2-644A-47BE-A493-00E2DC41C392}.Release|.NET.Build.0 = Debug|.NET
		{60C952C2-644A-47BE-A493-00E2DC41C392}.Release|Any CPU.ActiveCfg = Debug|.NET
		{60C952C2-644A-47BE-A493-00E2DC41C392}.Release|Mixed Platforms.ActiveCfg = Debug|.NET
		{60C952C2-644A-47BE-A493-00E2DC41C392}.Release|Mixed Platforms.Build.0 = Debug|.NET
	EndGlobalSection
	GlobalSection(SolutionProperties) = preSolution
		HideSolutionNode = FALSE
	EndGlobalSection
EndGlobal
